// !$*UTF8*$!
{
	archiveVersion = 1;
	classes = {
	};
	objectVersion = 48;
	objects = {

/* Begin PBXBuildFile section */
		A51764F71FB3A435004FCD21 /* AppDelegate.swift in Sources */ = {isa = PBXBuildFile; fileRef = A51764F61FB3A435004FCD21 /* AppDelegate.swift */; };
		A51764F91FB3A435004FCD21 /* ViewController.swift in Sources */ = {isa = PBXBuildFile; fileRef = A51764F81FB3A435004FCD21 /* ViewController.swift */; };
		A51764FC1FB3A435004FCD21 /* Main.storyboard in Resources */ = {isa = PBXBuildFile; fileRef = A51764FA1FB3A435004FCD21 /* Main.storyboard */; };
		A51764FE1FB3A435004FCD21 /* Assets.xcassets in Resources */ = {isa = PBXBuildFile; fileRef = A51764FD1FB3A435004FCD21 /* Assets.xcassets */; };
		A51765011FB3A435004FCD21 /* LaunchScreen.storyboard in Resources */ = {isa = PBXBuildFile; fileRef = A51764FF1FB3A435004FCD21 /* LaunchScreen.storyboard */; };
		A51B66541FB4F8B5001ACEEF /* queso.swift in Sources */ = {isa = PBXBuildFile; fileRef = A51B66531FB4F8B5001ACEEF /* queso.swift */; };
		A51B66561FB4FFA2001ACEEF /* ingredientes.swift in Sources */ = {isa = PBXBuildFile; fileRef = A51B66551FB4FFA2001ACEEF /* ingredientes.swift */; };
		A51B66581FB51591001ACEEF /* orden.swift in Sources */ = {isa = PBXBuildFile; fileRef = A51B66571FB51591001ACEEF /* orden.swift */; };
		A5D6027C1FB3AE9500DAE22D /* tamanho.swift in Sources */ = {isa = PBXBuildFile; fileRef = A5D6027B1FB3AE9500DAE22D /* tamanho.swift */; };
		A5D6027E1FB3E4E200DAE22D /* masa.swift in Sources */ = {isa = PBXBuildFile; fileRef = A5D6027D1FB3E4E200DAE22D /* masa.swift */; };
/* End PBXBuildFile section */

/* Begin PBXFileReference section */
		A51764F31FB3A435004FCD21 /* PizzaRica.app */ = {isa = PBXFileReference; explicitFileType = wrapper.application; includeInIndex = 0; path = PizzaRica.app; sourceTree = BUILT_PRODUCTS_DIR; };
		A51764F61FB3A435004FCD21 /* AppDelegate.swift */ = {isa = PBXFileReference; lastKnownFileType = sourcecode.swift; path = AppDelegate.swift; sourceTree = "<group>"; };
		A51764F81FB3A435004FCD21 /* ViewController.swift */ = {isa = PBXFileReference; lastKnownFileType = sourcecode.swift; path = ViewController.swift; sourceTree = "<group>"; };
		A51764FB1FB3A435004FCD21 /* Base */ = {isa = PBXFileReference; lastKnownFileType = file.storyboard; name = Base; path = Base.lproj/Main.storyboard; sourceTree = "<group>"; };
		A51764FD1FB3A435004FCD21 /* Assets.xcassets */ = {isa = PBXFileReference; lastKnownFileType = folder.assetcatalog; path = Assets.xcassets; sourceTree = "<group>"; };
		A51765001FB3A435004FCD21 /* Base */ = {isa = PBXFileReference; lastKnownFileType = file.storyboard; name = Base; path = Base.lproj/LaunchScreen.storyboard; sourceTree = "<group>"; };
		A51765021FB3A435004FCD21 /* Info.plist */ = {isa = PBXFileReference; lastKnownFileType = text.plist.xml; path = Info.plist; sourceTree = "<group>"; };
		A51B66531FB4F8B5001ACEEF /* queso.swift */ = {isa = PBXFileReference; lastKnownFileType = sourcecode.swift; path = queso.swift; sourceTree = "<group>"; };
		A51B66551FB4FFA2001ACEEF /* ingredientes.swift */ = {isa = PBXFileReference; lastKnownFileType = sourcecode.swift; path = ingredientes.swift; sourceTree = "<group>"; };
		A51B66571FB51591001ACEEF /* orden.swift */ = {isa = PBXFileReference; lastKnownFileType = sourcecode.swift; path = orden.swift; sourceTree = "<group>"; };
		A5D6027B1FB3AE9500DAE22D /* tamanho.swift */ = {isa = PBXFileReference; lastKnownFileType = sourcecode.swift; path = tamanho.swift; sourceTree = "<group>"; };
		A5D6027D1FB3E4E200DAE22D /* masa.swift */ = {isa = PBXFileReference; lastKnownFileType = sourcecode.swift; path = masa.swift; sourceTree = "<group>"; };
/* End PBXFileReference section */

/* Begin PBXFrameworksBuildPhase section */
		A51764F01FB3A435004FCD21 /* Frameworks */ = {
			isa = PBXFrameworksBuildPhase;
			buildActionMask = 2147483647;
			files = (
			);
			runOnlyForDeploymentPostprocessing = 0;
		};
/* End PBXFrameworksBuildPhase section */

/* Begin PBXGroup section */
		A51764EA1FB3A435004FCD21 = {
			isa = PBXGroup;
			children = (
				A51764F51FB3A435004FCD21 /* PizzaRica */,
				A51764F41FB3A435004FCD21 /* Products */,
			);
			sourceTree = "<group>";
		};
		A51764F41FB3A435004FCD21 /* Products */ = {
			isa = PBXGroup;
			children = (
				A51764F31FB3A435004FCD21 /* PizzaRica.app */,
			);
			name = Products;
			sourceTree = "<group>";
		};
		A51764F51FB3A435004FCD21 /* PizzaRica */ = {
			isa = PBXGroup;
			children = (
				A51764F61FB3A435004FCD21 /* AppDelegate.swift */,
				A51764F81FB3A435004FCD21 /* ViewController.swift */,
				A51764FA1FB3A435004FCD21 /* Main.storyboard */,
				A51B66571FB51591001ACEEF /* orden.swift */,
				A51B66551FB4FFA2001ACEEF /* ingredientes.swift */,
				A5D6027D1FB3E4E200DAE22D /* masa.swift */,
				A5D6027B1FB3AE9500DAE22D /* tamanho.swift */,
				A51764FD1FB3A435004FCD21 /* Assets.xcassets */,
				A51764FF1FB3A435004FCD21 /* LaunchScreen.storyboard */,
				A51765021FB3A435004FCD21 /* Info.plist */,
				A51B66531FB4F8B5001ACEEF /* queso.swift */,
			);
			path = PizzaRica;
			sourceTree = "<group>";
		};
/* End PBXGroup section */

/* Begin PBXNativeTarget section */
		A51764F21FB3A435004FCD21 /* PizzaRica */ = {
			isa = PBXNativeTarget;
			buildConfigurationList = A51765051FB3A435004FCD21 /* Build configuration list for PBXNativeTarget "PizzaRica" */;
			buildPhases = (
				A51764EF1FB3A435004FCD21 /* Sources */,
				A51764F01FB3A435004FCD21 /* Frameworks */,
				A51764F11FB3A435004FCD21 /* Resources */,
			);
			buildRules = (
			);
			dependencies = (
			);
			name = PizzaRica;
			productName = PizzaRica;
			productReference = A51764F31FB3A435004FCD21 /* PizzaRica.app */;
			productType = "com.apple.product-type.application";
		};
/* End PBXNativeTarget section */

/* Begin PBXProject section */
		A51764EB1FB3A435004FCD21 /* Project object */ = {
			isa = PBXProject;
			attributes = {
				LastSwiftUpdateCheck = 0910;
				LastUpgradeCheck = 0910;
				ORGANIZATIONNAME = "Jose Lopez";
				TargetAttributes = {
					A51764F21FB3A435004FCD21 = {
						CreatedOnToolsVersion = 9.1;
						ProvisioningStyle = Automatic;
					};
				};
			};
			buildConfigurationList = A51764EE1FB3A435004FCD21 /* Build configuration list for PBXProject "PizzaRica" */;
			compatibilityVersion = "Xcode 8.0";
			developmentRegion = en;
			hasScannedForEncodings = 0;
			knownRegions = (
				en,
				Base,
			);
			mainGroup = A51764EA1FB3A435004FCD21;
			productRefGroup = A51764F41FB3A435004FCD21 /* Products */;
			projectDirPath = "";
			projectRoot = "";
			targets = (
				A51764F21FB3A435004FCD21 /* PizzaRica */,
			);
		};
/* End PBXProject section */

/* Begin PBXResourcesBuildPhase section */
		A51764F11FB3A435004FCD21 /* Resources */ = {
			isa = PBXResourcesBuildPhase;
			buildActionMask = 2147483647;
			files = (
				A51765011FB3A435004FCD21 /* LaunchScreen.storyboard in Resources */,
				A51764FE1FB3A435004FCD21 /* Assets.xcassets in Resources */,
				A51764FC1FB3A435004FCD21 /* Main.storyboard in Resources */,
			);
			runOnlyForDeploymentPostprocessing = 0;
		};
/* End PBXResourcesBuildPhase section */

/* Begin PBXSourcesBuildPhase section */
		A51764EF1FB3A435004FCD21 /* Sources */ = {
			isa = PBXSourcesBuildPhase;
			buildActionMask = 2147483647;
			files = (
				A51B66561FB4FFA2001ACEEF /* ingredientes.swift in Sources */,
				A51B66541FB4F8B5001ACEEF /* queso.swift in Sources */,
				A51764F91FB3A435004FCD21 /* ViewController.swift in Sources */,
				A51B66581FB51591001ACEEF /* orden.swift in Sources */,
				A51764F71FB3A435004FCD21 /* AppDelegate.swift in Sources */,
				A5D6027C1FB3AE9500DAE22D /* tamanho.swift in Sources */,
				A5D6027E1FB3E4E200DAE22D /* masa.swift in Sources */,
			);
			runOnlyForDeploymentPostprocessing = 0;
		};
/* End PBXSourcesBuildPhase section */

/* Begin PBXVariantGroup section */
		A51764FA1FB3A435004FCD21 /* Main.storyboard */ = {
			isa = PBXVariantGroup;
			children = (
				A51764FB1FB3A435004FCD21 /* Base */,
			);
			name = Main.storyboard;
			sourceTree = "<group>";
		};
		A51764FF1FB3A435004FCD21 /* LaunchScreen.storyboard */ = {
			isa = PBXVariantGroup;
			children = (
				A51765001FB3A435004FCD21 /* Base */,
			);
			name = LaunchScreen.storyboard;
			sourceTree = "<group>";
		};
/* End PBXVariantGroup section */

/* Begin XCBuildConfiguration section */
		A51765031FB3A435004FCD21 /* Debug */ = {
			isa = XCBuildConfiguration;
			buildSettings = {
				ALWAYS_SEARCH_USER_PATHS = NO;
				CLANG_ANALYZER_NONNULL = YES;
				CLANG_ANALYZER_NUMBER_OBJECT_CONVERSION = YES_AGGRESSIVE;
				CLANG_CXX_LANGUAGE_STANDARD = "gnu++14";
				CLANG_CXX_LIBRARY = "libc++";
				CLANG_ENABLE_MODULES = YES;
				CLANG_ENABLE_OBJC_ARC = YES;
				CLANG_WARN_BLOCK_CAPTURE_AUTORELEASING = YES;
				CLANG_WARN_BOOL_CONVERSION = YES;
				CLANG_WARN_COMMA = YES;
				CLANG_WARN_CONSTANT_CONVERSION = YES;
				CLANG_WARN_DIRECT_OBJC_ISA_USAGE = YES_ERROR;
				CLANG_WARN_DOCUMENTATION_COMMENTS = YES;
				CLANG_WARN_EMPTY_BODY = YES;
				CLANG_WARN_ENUM_CONVERSION = YES;
				CLANG_WARN_INFINITE_RECURSION = YES;
				CLANG_WARN_INT_CONVERSION = YES;
				CLANG_WARN_NON_LITERAL_NULL_CONVERSION = YES;
				CLANG_WARN_OBJC_LITERAL_CONVERSION = YES;
				CLANG_WARN_OBJC_ROOT_CLASS = YES_ERROR;
				CLANG_WARN_RANGE_LOOP_ANALYSIS = YES;
				CLANG_WARN_STRICT_PROTOTYPES = YES;
				CLANG_WARN_SUSPICIOUS_MOVE = YES;
				CLANG_WARN_UNGUARDED_AVAILABILITY = YES_AGGRESSIVE;
				CLANG_WARN_UNREACHABLE_CODE = YES;
				CLANG_WARN__DUPLICATE_METHOD_MATCH = YES;
				CODE_SIGN_IDENTITY = "iPhone Developer";
				COPY_PHASE_STRIP = NO;
				DEBUG_INFORMATION_FORMAT = dwarf;
				ENABLE_STRICT_OBJC_MSGSEND = YES;
				ENABLE_TESTABILITY = YES;
				GCC_C_LANGUAGE_STANDARD = gnu11;
				GCC_DYNAMIC_NO_PIC = NO;
				GCC_NO_COMMON_BLOCKS = YES;
				GCC_OPTIMIZATION_LEVEL = 0;
				GCC_PREPROCESSOR_DEFINITIONS = (
					"DEBUG=1",
					"$(inherited)",
				);
				GCC_WARN_64_TO_32_BIT_CONVERSION = YES;
				GCC_WARN_ABOUT_RETURN_TYPE = YES_ERROR;
				GCC_WARN_UNDECLARED_SELECTOR = YES;
				GCC_WARN_UNINITIALIZED_AUTOS = YES_AGGRESSIVE;
				GCC_WARN_UNUSED_FUNCTION = YES;
				GCC_WARN_UNUSED_VARIABLE = YES;
				IPHONEOS_DEPLOYMENT_TARGET = 11.1;
				MTL_ENABLE_DEBUG_INFO = YES;
				ONLY_ACTIVE_ARCH = YES;
				SDKROOT = iphoneos;
				SWIFT_ACTIVE_COMPILATION_CONDITIONS = DEBUG;
				SWIFT_OPTIMIZATION_LEVEL = "-Onone";
			};
			name = Debug;
		};
		A51765041FB3A435004FCD21 /* Release */ = {
			isa = XCBuildConfiguration;
			buildSettings = {
				ALWAYS_SEARCH_USER_PATHS = NO;
				CLANG_ANALYZER_NONNULL = YES;
				CLANG_ANALYZER_NUMBER_OBJECT_CONVERSION = YES_AGGRESSIVE;
				CLANG_CXX_LANGUAGE_STANDARD = "gnu++14";
				CLANG_CXX_LIBRARY = "libc++";
				CLANG_ENABLE_MODULES = YES;
				CLANG_ENABLE_OBJC_ARC = YES;
				CLANG_WARN_BLOCK_CAPTURE_AUTORELEASING = YES;
				CLANG_WARN_BOOL_CONVERSION = YES;
				CLANG_WARN_COMMA = YES;
				CLANG_WARN_CONSTANT_CONVERSION = YES;
				CLANG_WARN_DIRECT_OBJC_ISA_USAGE = YES_ERROR;
				CLANG_WARN_DOCUMENTATION_COMMENTS = YES;
				CLANG_WARN_EMPTY_BODY = YES;
				CLANG_WARN_ENUM_CONVERSION = YES;
				CLANG_WARN_INFINITE_RECURSION = YES;
				CLANG_WARN_INT_CONVERSION = YES;
				CLANG_WARN_NON_LITERAL_NULL_CONVERSION = YES;
				CLANG_WARN_OBJC_LITERAL_CONVERSION = YES;
				CLANG_WARN_OBJC_ROOT_CLASS = YES_ERROR;
				CLANG_WARN_RANGE_LOOP_ANALYSIS = YES;
				CLANG_WARN_STRICT_PROTOTYPES = YES;
				CLANG_WARN_SUSPICIOUS_MOVE = YES;
				CLANG_WARN_UNGUARDED_AVAILABILITY = YES_AGGRESSIVE;
				CLANG_WARN_UNREACHABLE_CODE = YES;
				CLANG_WARN__DUPLICATE_METHOD_MATCH = YES;
				CODE_SIGN_IDENTITY = "iPhone Developer";
				COPY_PHASE_STRIP = NO;
				DEBUG_INFORMATION_FORMAT = "dwarf-with-dsym";
				ENABLE_NS_ASSERTIONS = NO;
				ENABLE_STRICT_OBJC_MSGSEND = YES;
				GCC_C_LANGUAGE_STANDARD = gnu11;
				GCC_NO_COMMON_BLOCKS = YES;
				GCC_WARN_64_TO_32_BIT_CONVERSION = YES;
				GCC_WARN_ABOUT_RETURN_TYPE = YES_ERROR;
				GCC_WARN_UNDECLARED_SELECTOR = YES;
				GCC_WARN_UNINITIALIZED_AUTOS = YES_AGGRESSIVE;
				GCC_WARN_UNUSED_FUNCTION = YES;
				GCC_WARN_UNUSED_VARIABLE = YES;
				IPHONEOS_DEPLOYMENT_TARGET = 11.1;
				MTL_ENABLE_DEBUG_INFO = NO;
				SDKROOT = iphoneos;
				SWIFT_OPTIMIZATION_LEVEL = "-Owholemodule";
				VALIDATE_PRODUCT = YES;
			};
			name = Release;
		};
		A51765061FB3A435004FCD21 /* Debug */ = {
			isa = XCBuildConfiguration;
			buildSettings = {
				ASSETCATALOG_COMPILER_APPICON_NAME = AppIcon;
				CODE_SIGN_STYLE = Automatic;
				DEVELOPMENT_TEAM = E6A2PFZ3JX;
				INFOPLIST_FILE = PizzaRica/Info.plist;
				LD_RUNPATH_SEARCH_PATHS = "$(inherited) @executable_path/Frameworks";
				PRODUCT_BUNDLE_IDENTIFIER = com.example.PizzaRica;
				PRODUCT_NAME = "$(TARGET_NAME)";
				SWIFT_VERSION = 4.0;
				TARGETED_DEVICE_FAMILY = "1,2";
			};
			name = Debug;
		};
		A51765071FB3A435004FCD21 /* Release */ = {
			isa = XCBuildConfiguration;
			buildSettings = {
				ASSETCATALOG_COMPILER_APPICON_NAME = AppIcon;
				CODE_SIGN_STYLE = Automatic;
				DEVELOPMENT_TEAM = E6A2PFZ3JX;
				INFOPLIST_FILE = PizzaRica/Info.plist;
				LD_RUNPATH_SEARCH_PATHS = "$(inherited) @executable_path/Frameworks";
				PRODUCT_BUNDLE_IDENTIFIER = com.example.PizzaRica;
				PRODUCT_NAME = "$(TARGET_NAME)";
				SWIFT_VERSION = 4.0;
				TARGETED_DEVICE_FAMILY = "1,2";
			};
			name = Release;
		};
/* End XCBuildConfiguration section */

/* Begin XCConfigurationList section */
		A51764EE1FB3A435004FCD21 /* Build configuration list for PBXProject "PizzaRica" */ = {
			isa = XCConfigurationList;
			buildConfigurations = (
				A51765031FB3A435004FCD21 /* Debug */,
				A51765041FB3A435004FCD21 /* Release */,
			);
			defaultConfigurationIsVisible = 0;
			defaultConfigurationName = Release;
		};
		A51765051FB3A435004FCD21 /* Build configuration list for PBXNativeTarget "PizzaRica" */ = {
			isa = XCConfigurationList;
			buildConfigurations = (
				A51765061FB3A435004FCD21 /* Debug */,
				A51765071FB3A435004FCD21 /* Release */,
			);
			defaultConfigurationIsVisible = 0;
			defaultConfigurationName = Release;
		};
/* End XCConfigurationList section */
	};
	rootObject = A51764EB1FB3A435004FCD21 /* Project object */;
}
